
Microsoft Visual Studio Solution File, Format Version 12.00
# Visual Studio Version 17
VisualStudioVersion = 17.5.002.0
MinimumVisualStudioVersion = 10.0.40219.1
Project("{9A19103F-16F7-4668-BE54-9A1E7A4F7556}") = "Math", "Math.csproj", "{18199ECA-50E0-4BFB-8B68-A536BCC25963}"
EndProject
Global
	GlobalSection(SolutionConfigurationPlatforms) = preSolution
		Debug|Any CPU = Debug|Any CPU
		Release|Any CPU = Release|Any CPU
	EndGlobalSection
	GlobalSection(ProjectConfigurationPlatforms) = postSolution
		{18199ECA-50E0-4BFB-8B68-A536BCC25963}.Debug|Any CPU.ActiveCfg = Debug|Any CPU
		{18199ECA-50E0-4BFB-8B68-A536BCC25963}.Debug|Any CPU.Build.0 = Debug|Any CPU
		{18199ECA-50E0-4BFB-8B68-A536BCC25963}.Release|Any CPU.ActiveCfg = Release|Any CPU
		{18199ECA-50E0-4BFB-8B68-A536BCC25963}.Release|Any CPU.Build.0 = Release|Any CPU
	EndGlobalSection
	GlobalSection(SolutionProperties) = preSolution
		HideSolutionNode = FALSE
	EndGlobalSection
	GlobalSection(ExtensibilityGlobals) = postSolution
		SolutionGuid = {D1586131-08DE-4BFD-9956-30421A6B5F93}
	EndGlobalSection
EndGlobal
